
Microsoft Visual Studio Solution File, Format Version 12.00
# Visual Studio 2013
VisualStudioVersion = 12.0.30723.0
MinimumVisualStudioVersion = 10.0.40219.1
Project("{FAE04EC0-301F-11D3-BF4B-00C04F79EFBC}") = "UtilService", "UtilService\UtilService.csproj", "{8BDD659F-FC75-4885-8FA5-DBC089D944A6}"
EndProject
Project("{FAE04EC0-301F-11D3-BF4B-00C04F79EFBC}") = "HTTPServiceServer", "HTTPServiceServer\HTTPServiceServer.csproj", "{1AA72048-4AD9-4507-B0D2-907AC12EB1A1}"
	ProjectSection(ProjectDependencies) = postProject
		{8BDD659F-FC75-4885-8FA5-DBC089D944A6} = {8BDD659F-FC75-4885-8FA5-DBC089D944A6}
	EndProjectSection
EndProject
Global
	GlobalSection(SolutionConfigurationPlatforms) = preSolution
		Debug|Any CPU = Debug|Any CPU
		Release|Any CPU = Release|Any CPU
	EndGlobalSection
	GlobalSection(ProjectConfigurationPlatforms) = postSolution
		{8BDD659F-FC75-4885-8FA5-DBC089D944A6}.Debug|Any CPU.ActiveCfg = Debug|Any CPU
		{8BDD659F-FC75-4885-8FA5-DBC089D944A6}.Debug|Any CPU.Build.0 = Debug|Any CPU
		{8BDD659F-FC75-4885-8FA5-DBC089D944A6}.Release|Any CPU.ActiveCfg = Release|Any CPU
		{8BDD659F-FC75-4885-8FA5-DBC089D944A6}.Release|Any CPU.Build.0 = Release|Any CPU
		{1AA72048-4AD9-4507-B0D2-907AC12EB1A1}.Debug|Any CPU.ActiveCfg = Debug|Any CPU
		{1AA72048-4AD9-4507-B0D2-907AC12EB1A1}.Debug|Any CPU.Build.0 = Debug|Any CPU
		{1AA72048-4AD9-4507-B0D2-907AC12EB1A1}.Release|Any CPU.ActiveCfg = Release|Any CPU
		{1AA72048-4AD9-4507-B0D2-907AC12EB1A1}.Release|Any CPU.Build.0 = Release|Any CPU
	EndGlobalSection
	GlobalSection(SolutionProperties) = preSolution
		HideSolutionNode = FALSE
	EndGlobalSection
EndGlobal
